{
  "meteor": {},
  "dependencies": {
    "basePackages": {
      "velocity": {
        "path": "../src"
      },
      "mocha-web": {
        "git": "https://github.com/mad-eye/meteor-mocha-web",
        "branch": "mtr"
      },
      "velocity-jasmine-unit": {},
      "moment": {}
    },
    "packages": {
      "velocity": {
        "path": "../src"
      },
      "mocha-web": {
        "git": "https://github.com/mad-eye/meteor-mocha-web",
        "branch": "mtr",
        "commit": "44a47d87437558d623709ee99b21a82cb54dcd43"
      },
      "velocity-jasmine-unit": {
        "git": "https://github.com/xolvio/velocity-jasmine-unit.git",
        "tag": "v0.1.0",
        "commit": "3e7da16742f31250c67fb8b2f581b93824c6e9d6"
      },
      "moment": {
        "git": "https://github.com/acreeger/meteor-moment.git",
        "tag": "v2.6.0",
        "commit": "26156df681750fd6e6ed77043eef32b6653ebbdf"
      }
    }
  }
}
